// !$*UTF8*$!
{
	archiveVersion = 1;
	classes = {
	};
	objectVersion = 46;
	objects = {

/* Begin PBXBuildFile section */
		E9F97A53151056060049DD60 /* UIKit.framework in Frameworks */ = {isa = PBXBuildFile; fileRef = E9F97A52151056060049DD60 /* UIKit.framework */; };
		E9F97A55151056060049DD60 /* Foundation.framework in Frameworks */ = {isa = PBXBuildFile; fileRef = E9F97A54151056060049DD60 /* Foundation.framework */; };
		E9F97A57151056060049DD60 /* CoreGraphics.framework in Frameworks */ = {isa = PBXBuildFile; fileRef = E9F97A56151056060049DD60 /* CoreGraphics.framework */; };
		E9F97A5D151056060049DD60 /* InfoPlist.strings in Resources */ = {isa = PBXBuildFile; fileRef = E9F97A5B151056060049DD60 /* InfoPlist.strings */; };
		E9F97A5F151056060049DD60 /* main.m in Sources */ = {isa = PBXBuildFile; fileRef = E9F97A5E151056060049DD60 /* main.m */; };
		E9F97A63151056060049DD60 /* demoAppDelegate.m in Sources */ = {isa = PBXBuildFile; fileRef = E9F97A62151056060049DD60 /* demoAppDelegate.m */; };
		E9F97A66151056060049DD60 /* demoViewController.m in Sources */ = {isa = PBXBuildFile; fileRef = E9F97A65151056060049DD60 /* demoViewController.m */; };
		E9F97A69151056060049DD60 /* demoViewController.xib in Resources */ = {isa = PBXBuildFile; fileRef = E9F97A67151056060049DD60 /* demoViewController.xib */; };
		E9F97A7E15109EA40049DD60 /* 1.jpg in Resources */ = {isa = PBXBuildFile; fileRef = E9F97A7015109EA40049DD60 /* 1.jpg */; };
		E9F97A7F15109EA40049DD60 /* 2.jpg in Resources */ = {isa = PBXBuildFile; fileRef = E9F97A7115109EA40049DD60 /* 2.jpg */; };
		E9F97A8015109EA40049DD60 /* 3.jpg in Resources */ = {isa = PBXBuildFile; fileRef = E9F97A7215109EA40049DD60 /* 3.jpg */; };
		E9F97A8115109EA40049DD60 /* 4.jpg in Resources */ = {isa = PBXBuildFile; fileRef = E9F97A7315109EA40049DD60 /* 4.jpg */; };
		E9F97A8215109EA40049DD60 /* 5.jpg in Resources */ = {isa = PBXBuildFile; fileRef = E9F97A7415109EA40049DD60 /* 5.jpg */; };
		E9F97A8315109EA40049DD60 /* 6.jpg in Resources */ = {isa = PBXBuildFile; fileRef = E9F97A7515109EA40049DD60 /* 6.jpg */; };
		E9F97A8415109EA40049DD60 /* 7.jpg in Resources */ = {isa = PBXBuildFile; fileRef = E9F97A7615109EA40049DD60 /* 7.jpg */; };
		E9F97A8515109EA40049DD60 /* 8.jpg in Resources */ = {isa = PBXBuildFile; fileRef = E9F97A7715109EA40049DD60 /* 8.jpg */; };
		E9F97A8615109EA40049DD60 /* 9.jpg in Resources */ = {isa = PBXBuildFile; fileRef = E9F97A7815109EA40049DD60 /* 9.jpg */; };
		E9F97A8715109EA40049DD60 /* 10.jpg in Resources */ = {isa = PBXBuildFile; fileRef = E9F97A7915109EA40049DD60 /* 10.jpg */; };
		E9F97A8815109EA40049DD60 /* 11.jpg in Resources */ = {isa = PBXBuildFile; fileRef = E9F97A7A15109EA40049DD60 /* 11.jpg */; };
		E9F97A8915109EA40049DD60 /* 12.jpg in Resources */ = {isa = PBXBuildFile; fileRef = E9F97A7B15109EA40049DD60 /* 12.jpg */; };
		E9F97A8A15109EA40049DD60 /* 13.jpg in Resources */ = {isa = PBXBuildFile; fileRef = E9F97A7C15109EA40049DD60 /* 13.jpg */; };
		E9F97A8B15109EA40049DD60 /* 14.jpg in Resources */ = {isa = PBXBuildFile; fileRef = E9F97A7D15109EA40049DD60 /* 14.jpg */; };
		E9F97A8F15109F4C0049DD60 /* ImageFlow.m in Sources */ = {isa = PBXBuildFile; fileRef = E9F97A8E15109F4C0049DD60 /* ImageFlow.m */; };
		E9F97A911510D0F70049DD60 /* haoduojie-logo.png in Resources */ = {isa = PBXBuildFile; fileRef = E9F97A901510D0F70049DD60 /* haoduojie-logo.png */; };
		E9F97ADD15149CEC0049DD60 /* ASIDataCompressor.m in Sources */ = {isa = PBXBuildFile; fileRef = E9F97ACD15149CEC0049DD60 /* ASIDataCompressor.m */; };
		E9F97ADE15149CEC0049DD60 /* ASIDataDecompressor.m in Sources */ = {isa = PBXBuildFile; fileRef = E9F97ACF15149CEC0049DD60 /* ASIDataDecompressor.m */; };
		E9F97ADF15149CEC0049DD60 /* ASIDownloadCache.m in Sources */ = {isa = PBXBuildFile; fileRef = E9F97AD115149CEC0049DD60 /* ASIDownloadCache.m */; };
		E9F97AE015149CEC0049DD60 /* ASIFormDataRequest.m in Sources */ = {isa = PBXBuildFile; fileRef = E9F97AD315149CEC0049DD60 /* ASIFormDataRequest.m */; };
		E9F97AE115149CEC0049DD60 /* ASIHTTPRequest.m in Sources */ = {isa = PBXBuildFile; fileRef = E9F97AD515149CEC0049DD60 /* ASIHTTPRequest.m */; };
		E9F97AE215149CEC0049DD60 /* ASIInputStream.m in Sources */ = {isa = PBXBuildFile; fileRef = E9F97AD915149CEC0049DD60 /* ASIInputStream.m */; };
		E9F97AE315149CEC0049DD60 /* ASINetworkQueue.m in Sources */ = {isa = PBXBuildFile; fileRef = E9F97ADB15149CEC0049DD60 /* ASINetworkQueue.m */; };
		E9F97AE615149D050049DD60 /* Reachability.m in Sources */ = {isa = PBXBuildFile; fileRef = E9F97AE515149D050049DD60 /* Reachability.m */; };
		E9F97AEA1514A54C0049DD60 /* CFNetwork.framework in Frameworks */ = {isa = PBXBuildFile; fileRef = E9F97AE91514A54C0049DD60 /* CFNetwork.framework */; };
		E9F97AEC1514A5610049DD60 /* SystemConfiguration.framework in Frameworks */ = {isa = PBXBuildFile; fileRef = E9F97AEB1514A5610049DD60 /* SystemConfiguration.framework */; };
		E9F97AEE1514A56D0049DD60 /* MobileCoreServices.framework in Frameworks */ = {isa = PBXBuildFile; fileRef = E9F97AED1514A56D0049DD60 /* MobileCoreServices.framework */; };
		E9F97AF01514A5920049DD60 /* libz.1.2.5.dylib in Frameworks */ = {isa = PBXBuildFile; fileRef = E9F97AEF1514A5920049DD60 /* libz.1.2.5.dylib */; };
		E9F97AF31514A6210049DD60 /* ASIAuthenticationDialog.m in Sources */ = {isa = PBXBuildFile; fileRef = E9F97AF21514A6200049DD60 /* ASIAuthenticationDialog.m */; };
		E9F97B161514ACCB0049DD60 /* NSObject+SBJson.m in Sources */ = {isa = PBXBuildFile; fileRef = E9F97AFE1514ACCB0049DD60 /* NSObject+SBJson.m */; };
		E9F97B171514ACCB0049DD60 /* SBJsonParser.m in Sources */ = {isa = PBXBuildFile; fileRef = E9F97B011514ACCB0049DD60 /* SBJsonParser.m */; };
		E9F97B181514ACCB0049DD60 /* SBJsonStreamParser.m in Sources */ = {isa = PBXBuildFile; fileRef = E9F97B031514ACCB0049DD60 /* SBJsonStreamParser.m */; };
		E9F97B191514ACCB0049DD60 /* SBJsonStreamParserAccumulator.m in Sources */ = {isa = PBXBuildFile; fileRef = E9F97B051514ACCB0049DD60 /* SBJsonStreamParserAccumulator.m */; };
		E9F97B1A1514ACCB0049DD60 /* SBJsonStreamParserAdapter.m in Sources */ = {isa = PBXBuildFile; fileRef = E9F97B071514ACCB0049DD60 /* SBJsonStreamParserAdapter.m */; };
		E9F97B1B1514ACCB0049DD60 /* SBJsonStreamParserState.m in Sources */ = {isa = PBXBuildFile; fileRef = E9F97B091514ACCB0049DD60 /* SBJsonStreamParserState.m */; };
		E9F97B1C1514ACCB0049DD60 /* SBJsonStreamWriter.m in Sources */ = {isa = PBXBuildFile; fileRef = E9F97B0B1514ACCB0049DD60 /* SBJsonStreamWriter.m */; };
		E9F97B1D1514ACCB0049DD60 /* SBJsonStreamWriterAccumulator.m in Sources */ = {isa = PBXBuildFile; fileRef = E9F97B0D1514ACCB0049DD60 /* SBJsonStreamWriterAccumulator.m */; };
		E9F97B1E1514ACCB0049DD60 /* SBJsonStreamWriterState.m in Sources */ = {isa = PBXBuildFile; fileRef = E9F97B0F1514ACCB0049DD60 /* SBJsonStreamWriterState.m */; };
		E9F97B1F1514ACCB0049DD60 /* SBJsonTokeniser.m in Sources */ = {isa = PBXBuildFile; fileRef = E9F97B111514ACCB0049DD60 /* SBJsonTokeniser.m */; };
		E9F97B201514ACCB0049DD60 /* SBJsonUTF8Stream.m in Sources */ = {isa = PBXBuildFile; fileRef = E9F97B131514ACCB0049DD60 /* SBJsonUTF8Stream.m */; };
		E9F97B211514ACCB0049DD60 /* SBJsonWriter.m in Sources */ = {isa = PBXBuildFile; fileRef = E9F97B151514ACCB0049DD60 /* SBJsonWriter.m */; };
/* End PBXBuildFile section */

/* Begin PBXFileReference section */
		E9F97A4E151056060049DD60 /* demo.app */ = {isa = PBXFileReference; explicitFileType = wrapper.application; includeInIndex = 0; path = demo.app; sourceTree = BUILT_PRODUCTS_DIR; };
		E9F97A52151056060049DD60 /* UIKit.framework */ = {isa = PBXFileReference; lastKnownFileType = wrapper.framework; name = UIKit.framework; path = System/Library/Frameworks/UIKit.framework; sourceTree = SDKROOT; };
		E9F97A54151056060049DD60 /* Foundation.framework */ = {isa = PBXFileReference; lastKnownFileType = wrapper.framework; name = Foundation.framework; path = System/Library/Frameworks/Foundation.framework; sourceTree = SDKROOT; };
		E9F97A56151056060049DD60 /* CoreGraphics.framework */ = {isa = PBXFileReference; lastKnownFileType = wrapper.framework; name = CoreGraphics.framework; path = System/Library/Frameworks/CoreGraphics.framework; sourceTree = SDKROOT; };
		E9F97A5A151056060049DD60 /* demo-Info.plist */ = {isa = PBXFileReference; lastKnownFileType = text.plist.xml; path = "demo-Info.plist"; sourceTree = "<group>"; };
		E9F97A5C151056060049DD60 /* en */ = {isa = PBXFileReference; lastKnownFileType = text.plist.strings; name = en; path = en.lproj/InfoPlist.strings; sourceTree = "<group>"; };
		E9F97A5E151056060049DD60 /* main.m */ = {isa = PBXFileReference; lastKnownFileType = sourcecode.c.objc; path = main.m; sourceTree = "<group>"; };
		E9F97A60151056060049DD60 /* demo-Prefix.pch */ = {isa = PBXFileReference; lastKnownFileType = sourcecode.c.h; path = "demo-Prefix.pch"; sourceTree = "<group>"; };
		E9F97A61151056060049DD60 /* demoAppDelegate.h */ = {isa = PBXFileReference; lastKnownFileType = sourcecode.c.h; path = demoAppDelegate.h; sourceTree = "<group>"; };
		E9F97A62151056060049DD60 /* demoAppDelegate.m */ = {isa = PBXFileReference; lastKnownFileType = sourcecode.c.objc; path = demoAppDelegate.m; sourceTree = "<group>"; };
		E9F97A64151056060049DD60 /* demoViewController.h */ = {isa = PBXFileReference; lastKnownFileType = sourcecode.c.h; path = demoViewController.h; sourceTree = "<group>"; };
		E9F97A65151056060049DD60 /* demoViewController.m */ = {isa = PBXFileReference; lastKnownFileType = sourcecode.c.objc; path = demoViewController.m; sourceTree = "<group>"; };
		E9F97A68151056060049DD60 /* en */ = {isa = PBXFileReference; lastKnownFileType = file.xib; name = en; path = en.lproj/demoViewController.xib; sourceTree = "<group>"; };
		E9F97A7015109EA40049DD60 /* 1.jpg */ = {isa = PBXFileReference; lastKnownFileType = image.jpeg; path = 1.jpg; sourceTree = "<group>"; };
		E9F97A7115109EA40049DD60 /* 2.jpg */ = {isa = PBXFileReference; lastKnownFileType = image.jpeg; path = 2.jpg; sourceTree = "<group>"; };
		E9F97A7215109EA40049DD60 /* 3.jpg */ = {isa = PBXFileReference; lastKnownFileType = image.jpeg; path = 3.jpg; sourceTree = "<group>"; };
		E9F97A7315109EA40049DD60 /* 4.jpg */ = {isa = PBXFileReference; lastKnownFileType = image.jpeg; path = 4.jpg; sourceTree = "<group>"; };
		E9F97A7415109EA40049DD60 /* 5.jpg */ = {isa = PBXFileReference; lastKnownFileType = image.jpeg; path = 5.jpg; sourceTree = "<group>"; };
		E9F97A7515109EA40049DD60 /* 6.jpg */ = {isa = PBXFileReference; lastKnownFileType = image.jpeg; path = 6.jpg; sourceTree = "<group>"; };
		E9F97A7615109EA40049DD60 /* 7.jpg */ = {isa = PBXFileReference; lastKnownFileType = image.jpeg; path = 7.jpg; sourceTree = "<group>"; };
		E9F97A7715109EA40049DD60 /* 8.jpg */ = {isa = PBXFileReference; lastKnownFileType = image.jpeg; path = 8.jpg; sourceTree = "<group>"; };
		E9F97A7815109EA40049DD60 /* 9.jpg */ = {isa = PBXFileReference; lastKnownFileType = image.jpeg; path = 9.jpg; sourceTree = "<group>"; };
		E9F97A7915109EA40049DD60 /* 10.jpg */ = {isa = PBXFileReference; lastKnownFileType = image.jpeg; path = 10.jpg; sourceTree = "<group>"; };
		E9F97A7A15109EA40049DD60 /* 11.jpg */ = {isa = PBXFileReference; lastKnownFileType = image.jpeg; path = 11.jpg; sourceTree = "<group>"; };
		E9F97A7B15109EA40049DD60 /* 12.jpg */ = {isa = PBXFileReference; lastKnownFileType = image.jpeg; path = 12.jpg; sourceTree = "<group>"; };
		E9F97A7C15109EA40049DD60 /* 13.jpg */ = {isa = PBXFileReference; lastKnownFileType = image.jpeg; path = 13.jpg; sourceTree = "<group>"; };
		E9F97A7D15109EA40049DD60 /* 14.jpg */ = {isa = PBXFileReference; lastKnownFileType = image.jpeg; path = 14.jpg; sourceTree = "<group>"; };
		E9F97A8D15109F4C0049DD60 /* ImageFlow.h */ = {isa = PBXFileReference; fileEncoding = 4; lastKnownFileType = sourcecode.c.h; path = ImageFlow.h; sourceTree = "<group>"; };
		E9F97A8E15109F4C0049DD60 /* ImageFlow.m */ = {isa = PBXFileReference; fileEncoding = 4; lastKnownFileType = sourcecode.c.objc; path = ImageFlow.m; sourceTree = "<group>"; };
		E9F97A901510D0F70049DD60 /* haoduojie-logo.png */ = {isa = PBXFileReference; lastKnownFileType = image.png; path = "haoduojie-logo.png"; sourceTree = "<group>"; };
		E9F97ACC15149CEC0049DD60 /* ASIDataCompressor.h */ = {isa = PBXFileReference; fileEncoding = 4; lastKnownFileType = sourcecode.c.h; path = ASIDataCompressor.h; sourceTree = "<group>"; };
		E9F97ACD15149CEC0049DD60 /* ASIDataCompressor.m */ = {isa = PBXFileReference; fileEncoding = 4; lastKnownFileType = sourcecode.c.objc; path = ASIDataCompressor.m; sourceTree = "<group>"; };
		E9F97ACE15149CEC0049DD60 /* ASIDataDecompressor.h */ = {isa = PBXFileReference; fileEncoding = 4; lastKnownFileType = sourcecode.c.h; path = ASIDataDecompressor.h; sourceTree = "<group>"; };
		E9F97ACF15149CEC0049DD60 /* ASIDataDecompressor.m */ = {isa = PBXFileReference; fileEncoding = 4; lastKnownFileType = sourcecode.c.objc; path = ASIDataDecompressor.m; sourceTree = "<group>"; };
		E9F97AD015149CEC0049DD60 /* ASIDownloadCache.h */ = {isa = PBXFileReference; fileEncoding = 4; lastKnownFileType = sourcecode.c.h; path = ASIDownloadCache.h; sourceTree = "<group>"; };
		E9F97AD115149CEC0049DD60 /* ASIDownloadCache.m */ = {isa = PBXFileReference; fileEncoding = 4; lastKnownFileType = sourcecode.c.objc; path = ASIDownloadCache.m; sourceTree = "<group>"; };
		E9F97AD215149CEC0049DD60 /* ASIFormDataRequest.h */ = {isa = PBXFileReference; fileEncoding = 4; lastKnownFileType = sourcecode.c.h; path = ASIFormDataRequest.h; sourceTree = "<group>"; };
		E9F97AD315149CEC0049DD60 /* ASIFormDataRequest.m */ = {isa = PBXFileReference; fileEncoding = 4; lastKnownFileType = sourcecode.c.objc; path = ASIFormDataRequest.m; sourceTree = "<group>"; };
		E9F97AD415149CEC0049DD60 /* ASIHTTPRequest.h */ = {isa = PBXFileReference; fileEncoding = 4; lastKnownFileType = sourcecode.c.h; path = ASIHTTPRequest.h; sourceTree = "<group>"; };
		E9F97AD515149CEC0049DD60 /* ASIHTTPRequest.m */ = {isa = PBXFileReference; fileEncoding = 4; lastKnownFileType = sourcecode.c.objc; path = ASIHTTPRequest.m; sourceTree = "<group>"; };
		E9F97AD615149CEC0049DD60 /* ASIHTTPRequestConfig.h */ = {isa = PBXFileReference; fileEncoding = 4; lastKnownFileType = sourcecode.c.h; path = ASIHTTPRequestConfig.h; sourceTree = "<group>"; };
		E9F97AD715149CEC0049DD60 /* ASIHTTPRequestDelegate.h */ = {isa = PBXFileReference; fileEncoding = 4; lastKnownFileType = sourcecode.c.h; path = ASIHTTPRequestDelegate.h; sourceTree = "<group>"; };
		E9F97AD815149CEC0049DD60 /* ASIInputStream.h */ = {isa = PBXFileReference; fileEncoding = 4; lastKnownFileType = sourcecode.c.h; path = ASIInputStream.h; sourceTree = "<group>"; };
		E9F97AD915149CEC0049DD60 /* ASIInputStream.m */ = {isa = PBXFileReference; fileEncoding = 4; lastKnownFileType = sourcecode.c.objc; path = ASIInputStream.m; sourceTree = "<group>"; };
		E9F97ADA15149CEC0049DD60 /* ASINetworkQueue.h */ = {isa = PBXFileReference; fileEncoding = 4; lastKnownFileType = sourcecode.c.h; path = ASINetworkQueue.h; sourceTree = "<group>"; };
		E9F97ADB15149CEC0049DD60 /* ASINetworkQueue.m */ = {isa = PBXFileReference; fileEncoding = 4; lastKnownFileType = sourcecode.c.objc; path = ASINetworkQueue.m; sourceTree = "<group>"; };
		E9F97ADC15149CEC0049DD60 /* ASIProgressDelegate.h */ = {isa = PBXFileReference; fileEncoding = 4; lastKnownFileType = sourcecode.c.h; path = ASIProgressDelegate.h; sourceTree = "<group>"; };
		E9F97AE415149D050049DD60 /* Reachability.h */ = {isa = PBXFileReference; fileEncoding = 4; lastKnownFileType = sourcecode.c.h; path = Reachability.h; sourceTree = "<group>"; };
		E9F97AE515149D050049DD60 /* Reachability.m */ = {isa = PBXFileReference; fileEncoding = 4; lastKnownFileType = sourcecode.c.objc; path = Reachability.m; sourceTree = "<group>"; };
		E9F97AE815149DF30049DD60 /* ASICacheDelegate.h */ = {isa = PBXFileReference; fileEncoding = 4; lastKnownFileType = sourcecode.c.h; path = ASICacheDelegate.h; sourceTree = "<group>"; };
		E9F97AE91514A54C0049DD60 /* CFNetwork.framework */ = {isa = PBXFileReference; lastKnownFileType = wrapper.framework; name = CFNetwork.framework; path = System/Library/Frameworks/CFNetwork.framework; sourceTree = SDKROOT; };
		E9F97AEB1514A5610049DD60 /* SystemConfiguration.framework */ = {isa = PBXFileReference; lastKnownFileType = wrapper.framework; name = SystemConfiguration.framework; path = System/Library/Frameworks/SystemConfiguration.framework; sourceTree = SDKROOT; };
		E9F97AED1514A56D0049DD60 /* MobileCoreServices.framework */ = {isa = PBXFileReference; lastKnownFileType = wrapper.framework; name = MobileCoreServices.framework; path = System/Library/Frameworks/MobileCoreServices.framework; sourceTree = SDKROOT; };
		E9F97AEF1514A5920049DD60 /* libz.1.2.5.dylib */ = {isa = PBXFileReference; lastKnownFileType = "compiled.mach-o.dylib"; name = libz.1.2.5.dylib; path = usr/lib/libz.1.2.5.dylib; sourceTree = SDKROOT; };
		E9F97AF11514A6200049DD60 /* ASIAuthenticationDialog.h */ = {isa = PBXFileReference; fileEncoding = 4; lastKnownFileType = sourcecode.c.h; name = ASIAuthenticationDialog.h; path = "../../../Desktop/pokeb-asi-http-request-f99ca46/Classes/ASIAuthenticationDialog.h"; sourceTree = "<group>"; };
		E9F97AF21514A6200049DD60 /* ASIAuthenticationDialog.m */ = {isa = PBXFileReference; fileEncoding = 4; lastKnownFileType = sourcecode.c.objc; name = ASIAuthenticationDialog.m; path = "../../../Desktop/pokeb-asi-http-request-f99ca46/Classes/ASIAuthenticationDialog.m"; sourceTree = "<group>"; };
		E9F97AFD1514ACCB0049DD60 /* NSObject+SBJson.h */ = {isa = PBXFileReference; fileEncoding = 4; lastKnownFileType = sourcecode.c.h; path = "NSObject+SBJson.h"; sourceTree = "<group>"; };
		E9F97AFE1514ACCB0049DD60 /* NSObject+SBJson.m */ = {isa = PBXFileReference; fileEncoding = 4; lastKnownFileType = sourcecode.c.objc; path = "NSObject+SBJson.m"; sourceTree = "<group>"; };
		E9F97AFF1514ACCB0049DD60 /* SBJson.h */ = {isa = PBXFileReference; fileEncoding = 4; lastKnownFileType = sourcecode.c.h; path = SBJson.h; sourceTree = "<group>"; };
		E9F97B001514ACCB0049DD60 /* SBJsonParser.h */ = {isa = PBXFileReference; fileEncoding = 4; lastKnownFileType = sourcecode.c.h; path = SBJsonParser.h; sourceTree = "<group>"; };
		E9F97B011514ACCB0049DD60 /* SBJsonParser.m */ = {isa = PBXFileReference; fileEncoding = 4; lastKnownFileType = sourcecode.c.objc; path = SBJsonParser.m; sourceTree = "<group>"; };
		E9F97B021514ACCB0049DD60 /* SBJsonStreamParser.h */ = {isa = PBXFileReference; fileEncoding = 4; lastKnownFileType = sourcecode.c.h; path = SBJsonStreamParser.h; sourceTree = "<group>"; };
		E9F97B031514ACCB0049DD60 /* SBJsonStreamParser.m */ = {isa = PBXFileReference; fileEncoding = 4; lastKnownFileType = sourcecode.c.objc; path = SBJsonStreamParser.m; sourceTree = "<group>"; };
		E9F97B041514ACCB0049DD60 /* SBJsonStreamParserAccumulator.h */ = {isa = PBXFileReference; fileEncoding = 4; lastKnownFileType = sourcecode.c.h; path = SBJsonStreamParserAccumulator.h; sourceTree = "<group>"; };
		E9F97B051514ACCB0049DD60 /* SBJsonStreamParserAccumulator.m */ = {isa = PBXFileReference; fileEncoding = 4; lastKnownFileType = sourcecode.c.objc; path = SBJsonStreamParserAccumulator.m; sourceTree = "<group>"; };
		E9F97B061514ACCB0049DD60 /* SBJsonStreamParserAdapter.h */ = {isa = PBXFileReference; fileEncoding = 4; lastKnownFileType = sourcecode.c.h; path = SBJsonStreamParserAdapter.h; sourceTree = "<group>"; };
		E9F97B071514ACCB0049DD60 /* SBJsonStreamParserAdapter.m */ = {isa = PBXFileReference; fileEncoding = 4; lastKnownFileType = sourcecode.c.objc; path = SBJsonStreamParserAdapter.m; sourceTree = "<group>"; };
		E9F97B081514ACCB0049DD60 /* SBJsonStreamParserState.h */ = {isa = PBXFileReference; fileEncoding = 4; lastKnownFileType = sourcecode.c.h; path = SBJsonStreamParserState.h; sourceTree = "<group>"; };
		E9F97B091514ACCB0049DD60 /* SBJsonStreamParserState.m */ = {isa = PBXFileReference; fileEncoding = 4; lastKnownFileType = sourcecode.c.objc; path = SBJsonStreamParserState.m; sourceTree = "<group>"; };
		E9F97B0A1514ACCB0049DD60 /* SBJsonStreamWriter.h */ = {isa = PBXFileReference; fileEncoding = 4; lastKnownFileType = sourcecode.c.h; path = SBJsonStreamWriter.h; sourceTree = "<group>"; };
		E9F97B0B1514ACCB0049DD60 /* SBJsonStreamWriter.m */ = {isa = PBXFileReference; fileEncoding = 4; lastKnownFileType = sourcecode.c.objc; path = SBJsonStreamWriter.m; sourceTree = "<group>"; };
		E9F97B0C1514ACCB0049DD60 /* SBJsonStreamWriterAccumulator.h */ = {isa = PBXFileReference; fileEncoding = 4; lastKnownFileType = sourcecode.c.h; path = SBJsonStreamWriterAccumulator.h; sourceTree = "<group>"; };
		E9F97B0D1514ACCB0049DD60 /* SBJsonStreamWriterAccumulator.m */ = {isa = PBXFileReference; fileEncoding = 4; lastKnownFileType = sourcecode.c.objc; path = SBJsonStreamWriterAccumulator.m; sourceTree = "<group>"; };
		E9F97B0E1514ACCB0049DD60 /* SBJsonStreamWriterState.h */ = {isa = PBXFileReference; fileEncoding = 4; lastKnownFileType = sourcecode.c.h; path = SBJsonStreamWriterState.h; sourceTree = "<group>"; };
		E9F97B0F1514ACCB0049DD60 /* SBJsonStreamWriterState.m */ = {isa = PBXFileReference; fileEncoding = 4; lastKnownFileType = sourcecode.c.objc; path = SBJsonStreamWriterState.m; sourceTree = "<group>"; };
		E9F97B101514ACCB0049DD60 /* SBJsonTokeniser.h */ = {isa = PBXFileReference; fileEncoding = 4; lastKnownFileType = sourcecode.c.h; path = SBJsonTokeniser.h; sourceTree = "<group>"; };
		E9F97B111514ACCB0049DD60 /* SBJsonTokeniser.m */ = {isa = PBXFileReference; fileEncoding = 4; lastKnownFileType = sourcecode.c.objc; path = SBJsonTokeniser.m; sourceTree = "<group>"; };
		E9F97B121514ACCB0049DD60 /* SBJsonUTF8Stream.h */ = {isa = PBXFileReference; fileEncoding = 4; lastKnownFileType = sourcecode.c.h; path = SBJsonUTF8Stream.h; sourceTree = "<group>"; };
		E9F97B131514ACCB0049DD60 /* SBJsonUTF8Stream.m */ = {isa = PBXFileReference; fileEncoding = 4; lastKnownFileType = sourcecode.c.objc; path = SBJsonUTF8Stream.m; sourceTree = "<group>"; };
		E9F97B141514ACCB0049DD60 /* SBJsonWriter.h */ = {isa = PBXFileReference; fileEncoding = 4; lastKnownFileType = sourcecode.c.h; path = SBJsonWriter.h; sourceTree = "<group>"; };
		E9F97B151514ACCB0049DD60 /* SBJsonWriter.m */ = {isa = PBXFileReference; fileEncoding = 4; lastKnownFileType = sourcecode.c.objc; path = SBJsonWriter.m; sourceTree = "<group>"; };
/* End PBXFileReference section */

/* Begin PBXFrameworksBuildPhase section */
		E9F97A4B151056060049DD60 /* Frameworks */ = {
			isa = PBXFrameworksBuildPhase;
			buildActionMask = 2147483647;
			files = (
				E9F97AF01514A5920049DD60 /* libz.1.2.5.dylib in Frameworks */,
				E9F97AEE1514A56D0049DD60 /* MobileCoreServices.framework in Frameworks */,
				E9F97AEC1514A5610049DD60 /* SystemConfiguration.framework in Frameworks */,
				E9F97AEA1514A54C0049DD60 /* CFNetwork.framework in Frameworks */,
				E9F97A53151056060049DD60 /* UIKit.framework in Frameworks */,
				E9F97A55151056060049DD60 /* Foundation.framework in Frameworks */,
				E9F97A57151056060049DD60 /* CoreGraphics.framework in Frameworks */,
			);
			runOnlyForDeploymentPostprocessing = 0;
		};
/* End PBXFrameworksBuildPhase section */

/* Begin PBXGroup section */
		E9F97A43151056060049DD60 = {
			isa = PBXGroup;
			children = (
				E9F97A58151056060049DD60 /* demo */,
				E9F97A51151056060049DD60 /* Frameworks */,
				E9F97A4F151056060049DD60 /* Products */,
			);
			sourceTree = "<group>";
		};
		E9F97A4F151056060049DD60 /* Products */ = {
			isa = PBXGroup;
			children = (
				E9F97A4E151056060049DD60 /* demo.app */,
			);
			name = Products;
			sourceTree = "<group>";
		};
		E9F97A51151056060049DD60 /* Frameworks */ = {
			isa = PBXGroup;
			children = (
				E9F97AEF1514A5920049DD60 /* libz.1.2.5.dylib */,
				E9F97AED1514A56D0049DD60 /* MobileCoreServices.framework */,
				E9F97AEB1514A5610049DD60 /* SystemConfiguration.framework */,
				E9F97AE91514A54C0049DD60 /* CFNetwork.framework */,
				E9F97A52151056060049DD60 /* UIKit.framework */,
				E9F97A54151056060049DD60 /* Foundation.framework */,
				E9F97A56151056060049DD60 /* CoreGraphics.framework */,
			);
			name = Frameworks;
			sourceTree = "<group>";
		};
		E9F97A58151056060049DD60 /* demo */ = {
			isa = PBXGroup;
			children = (
				E9F97A9E151489260049DD60 /* lib */,
				E9F97A8C15109EE90049DD60 /* photoflow */,
				E9F97A6F15109E540049DD60 /* img */,
				E9F97A61151056060049DD60 /* demoAppDelegate.h */,
				E9F97A62151056060049DD60 /* demoAppDelegate.m */,
				E9F97A64151056060049DD60 /* demoViewController.h */,
				E9F97A65151056060049DD60 /* demoViewController.m */,
				E9F97A67151056060049DD60 /* demoViewController.xib */,
				E9F97A59151056060049DD60 /* Supporting Files */,
			);
			path = demo;
			sourceTree = "<group>";
		};
		E9F97A59151056060049DD60 /* Supporting Files */ = {
			isa = PBXGroup;
			children = (
				E9F97A5A151056060049DD60 /* demo-Info.plist */,
				E9F97A5B151056060049DD60 /* InfoPlist.strings */,
				E9F97A5E151056060049DD60 /* main.m */,
				E9F97A60151056060049DD60 /* demo-Prefix.pch */,
			);
			name = "Supporting Files";
			sourceTree = "<group>";
		};
		E9F97A6F15109E540049DD60 /* img */ = {
			isa = PBXGroup;
			children = (
				E9F97A901510D0F70049DD60 /* haoduojie-logo.png */,
				E9F97A7015109EA40049DD60 /* 1.jpg */,
				E9F97A7115109EA40049DD60 /* 2.jpg */,
				E9F97A7215109EA40049DD60 /* 3.jpg */,
				E9F97A7315109EA40049DD60 /* 4.jpg */,
				E9F97A7415109EA40049DD60 /* 5.jpg */,
				E9F97A7515109EA40049DD60 /* 6.jpg */,
				E9F97A7615109EA40049DD60 /* 7.jpg */,
				E9F97A7715109EA40049DD60 /* 8.jpg */,
				E9F97A7815109EA40049DD60 /* 9.jpg */,
				E9F97A7915109EA40049DD60 /* 10.jpg */,
				E9F97A7A15109EA40049DD60 /* 11.jpg */,
				E9F97A7B15109EA40049DD60 /* 12.jpg */,
				E9F97A7C15109EA40049DD60 /* 13.jpg */,
				E9F97A7D15109EA40049DD60 /* 14.jpg */,
			);
			name = img;
			sourceTree = "<group>";
		};
		E9F97A8C15109EE90049DD60 /* photoflow */ = {
			isa = PBXGroup;
			children = (
				E9F97A8D15109F4C0049DD60 /* ImageFlow.h */,
				E9F97A8E15109F4C0049DD60 /* ImageFlow.m */,
			);
			name = photoflow;
			sourceTree = "<group>";
		};
		E9F97A9E151489260049DD60 /* lib */ = {
			isa = PBXGroup;
			children = (
				E9F97AF81514AC470049DD60 /* json */,
				E9F97AA0151489360049DD60 /* asihttprequest */,
			);
			name = lib;
			sourceTree = "<group>";
		};
		E9F97AA0151489360049DD60 /* asihttprequest */ = {
			isa = PBXGroup;
			children = (
				E9F97AF11514A6200049DD60 /* ASIAuthenticationDialog.h */,
				E9F97AF21514A6200049DD60 /* ASIAuthenticationDialog.m */,
				E9F97AE815149DF30049DD60 /* ASICacheDelegate.h */,
				E9F97AE415149D050049DD60 /* Reachability.h */,
				E9F97AE515149D050049DD60 /* Reachability.m */,
				E9F97ACC15149CEC0049DD60 /* ASIDataCompressor.h */,
				E9F97ACD15149CEC0049DD60 /* ASIDataCompressor.m */,
				E9F97ACE15149CEC0049DD60 /* ASIDataDecompressor.h */,
				E9F97ACF15149CEC0049DD60 /* ASIDataDecompressor.m */,
				E9F97AD015149CEC0049DD60 /* ASIDownloadCache.h */,
				E9F97AD115149CEC0049DD60 /* ASIDownloadCache.m */,
				E9F97AD215149CEC0049DD60 /* ASIFormDataRequest.h */,
				E9F97AD315149CEC0049DD60 /* ASIFormDataRequest.m */,
				E9F97AD415149CEC0049DD60 /* ASIHTTPRequest.h */,
				E9F97AD515149CEC0049DD60 /* ASIHTTPRequest.m */,
				E9F97AD615149CEC0049DD60 /* ASIHTTPRequestConfig.h */,
				E9F97AD715149CEC0049DD60 /* ASIHTTPRequestDelegate.h */,
				E9F97AD815149CEC0049DD60 /* ASIInputStream.h */,
				E9F97AD915149CEC0049DD60 /* ASIInputStream.m */,
				E9F97ADA15149CEC0049DD60 /* ASINetworkQueue.h */,
				E9F97ADB15149CEC0049DD60 /* ASINetworkQueue.m */,
				E9F97ADC15149CEC0049DD60 /* ASIProgressDelegate.h */,
			);
			name = asihttprequest;
			sourceTree = "<group>";
		};
		E9F97AF81514AC470049DD60 /* json */ = {
			isa = PBXGroup;
			children = (
				E9F97AFD1514ACCB0049DD60 /* NSObject+SBJson.h */,
				E9F97AFE1514ACCB0049DD60 /* NSObject+SBJson.m */,
				E9F97AFF1514ACCB0049DD60 /* SBJson.h */,
				E9F97B001514ACCB0049DD60 /* SBJsonParser.h */,
				E9F97B011514ACCB0049DD60 /* SBJsonParser.m */,
				E9F97B021514ACCB0049DD60 /* SBJsonStreamParser.h */,
				E9F97B031514ACCB0049DD60 /* SBJsonStreamParser.m */,
				E9F97B041514ACCB0049DD60 /* SBJsonStreamParserAccumulator.h */,
				E9F97B051514ACCB0049DD60 /* SBJsonStreamParserAccumulator.m */,
				E9F97B061514ACCB0049DD60 /* SBJsonStreamParserAdapter.h */,
				E9F97B071514ACCB0049DD60 /* SBJsonStreamParserAdapter.m */,
				E9F97B081514ACCB0049DD60 /* SBJsonStreamParserState.h */,
				E9F97B091514ACCB0049DD60 /* SBJsonStreamParserState.m */,
				E9F97B0A1514ACCB0049DD60 /* SBJsonStreamWriter.h */,
				E9F97B0B1514ACCB0049DD60 /* SBJsonStreamWriter.m */,
				E9F97B0C1514ACCB0049DD60 /* SBJsonStreamWriterAccumulator.h */,
				E9F97B0D1514ACCB0049DD60 /* SBJsonStreamWriterAccumulator.m */,
				E9F97B0E1514ACCB0049DD60 /* SBJsonStreamWriterState.h */,
				E9F97B0F1514ACCB0049DD60 /* SBJsonStreamWriterState.m */,
				E9F97B101514ACCB0049DD60 /* SBJsonTokeniser.h */,
				E9F97B111514ACCB0049DD60 /* SBJsonTokeniser.m */,
				E9F97B121514ACCB0049DD60 /* SBJsonUTF8Stream.h */,
				E9F97B131514ACCB0049DD60 /* SBJsonUTF8Stream.m */,
				E9F97B141514ACCB0049DD60 /* SBJsonWriter.h */,
				E9F97B151514ACCB0049DD60 /* SBJsonWriter.m */,
			);
			name = json;
			sourceTree = "<group>";
		};
/* End PBXGroup section */

/* Begin PBXNativeTarget section */
		E9F97A4D151056060049DD60 /* demo */ = {
			isa = PBXNativeTarget;
			buildConfigurationList = E9F97A6C151056060049DD60 /* Build configuration list for PBXNativeTarget "demo" */;
			buildPhases = (
				E9F97A4A151056060049DD60 /* Sources */,
				E9F97A4B151056060049DD60 /* Frameworks */,
				E9F97A4C151056060049DD60 /* Resources */,
			);
			buildRules = (
			);
			dependencies = (
			);
			name = demo;
			productName = demo;
			productReference = E9F97A4E151056060049DD60 /* demo.app */;
			productType = "com.apple.product-type.application";
		};
/* End PBXNativeTarget section */

/* Begin PBXProject section */
		E9F97A45151056060049DD60 /* Project object */ = {
			isa = PBXProject;
			attributes = {
				LastUpgradeCheck = 0420;
			};
			buildConfigurationList = E9F97A48151056060049DD60 /* Build configuration list for PBXProject "demo" */;
			compatibilityVersion = "Xcode 3.2";
			developmentRegion = English;
			hasScannedForEncodings = 0;
			knownRegions = (
				en,
			);
			mainGroup = E9F97A43151056060049DD60;
			productRefGroup = E9F97A4F151056060049DD60 /* Products */;
			projectDirPath = "";
			projectRoot = "";
			targets = (
				E9F97A4D151056060049DD60 /* demo */,
			);
		};
/* End PBXProject section */

/* Begin PBXResourcesBuildPhase section */
		E9F97A4C151056060049DD60 /* Resources */ = {
			isa = PBXResourcesBuildPhase;
			buildActionMask = 2147483647;
			files = (
				E9F97A5D151056060049DD60 /* InfoPlist.strings in Resources */,
				E9F97A69151056060049DD60 /* demoViewController.xib in Resources */,
				E9F97A7E15109EA40049DD60 /* 1.jpg in Resources */,
				E9F97A7F15109EA40049DD60 /* 2.jpg in Resources */,
				E9F97A8015109EA40049DD60 /* 3.jpg in Resources */,
				E9F97A8115109EA40049DD60 /* 4.jpg in Resources */,
				E9F97A8215109EA40049DD60 /* 5.jpg in Resources */,
				E9F97A8315109EA40049DD60 /* 6.jpg in Resources */,
				E9F97A8415109EA40049DD60 /* 7.jpg in Resources */,
				E9F97A8515109EA40049DD60 /* 8.jpg in Resources */,
				E9F97A8615109EA40049DD60 /* 9.jpg in Resources */,
				E9F97A8715109EA40049DD60 /* 10.jpg in Resources */,
				E9F97A8815109EA40049DD60 /* 11.jpg in Resources */,
				E9F97A8915109EA40049DD60 /* 12.jpg in Resources */,
				E9F97A8A15109EA40049DD60 /* 13.jpg in Resources */,
				E9F97A8B15109EA40049DD60 /* 14.jpg in Resources */,
				E9F97A911510D0F70049DD60 /* haoduojie-logo.png in Resources */,
			);
			runOnlyForDeploymentPostprocessing = 0;
		};
/* End PBXResourcesBuildPhase section */

/* Begin PBXSourcesBuildPhase section */
		E9F97A4A151056060049DD60 /* Sources */ = {
			isa = PBXSourcesBuildPhase;
			buildActionMask = 2147483647;
			files = (
				E9F97A5F151056060049DD60 /* main.m in Sources */,
				E9F97A63151056060049DD60 /* demoAppDelegate.m in Sources */,
				E9F97A66151056060049DD60 /* demoViewController.m in Sources */,
				E9F97A8F15109F4C0049DD60 /* ImageFlow.m in Sources */,
				E9F97ADD15149CEC0049DD60 /* ASIDataCompressor.m in Sources */,
				E9F97ADE15149CEC0049DD60 /* ASIDataDecompressor.m in Sources */,
				E9F97ADF15149CEC0049DD60 /* ASIDownloadCache.m in Sources */,
				E9F97AE015149CEC0049DD60 /* ASIFormDataRequest.m in Sources */,
				E9F97AE115149CEC0049DD60 /* ASIHTTPRequest.m in Sources */,
				E9F97AE215149CEC0049DD60 /* ASIInputStream.m in Sources */,
				E9F97AE315149CEC0049DD60 /* ASINetworkQueue.m in Sources */,
				E9F97AE615149D050049DD60 /* Reachability.m in Sources */,
				E9F97AF31514A6210049DD60 /* ASIAuthenticationDialog.m in Sources */,
				E9F97B161514ACCB0049DD60 /* NSObject+SBJson.m in Sources */,
				E9F97B171514ACCB0049DD60 /* SBJsonParser.m in Sources */,
				E9F97B181514ACCB0049DD60 /* SBJsonStreamParser.m in Sources */,
				E9F97B191514ACCB0049DD60 /* SBJsonStreamParserAccumulator.m in Sources */,
				E9F97B1A1514ACCB0049DD60 /* SBJsonStreamParserAdapter.m in Sources */,
				E9F97B1B1514ACCB0049DD60 /* SBJsonStreamParserState.m in Sources */,
				E9F97B1C1514ACCB0049DD60 /* SBJsonStreamWriter.m in Sources */,
				E9F97B1D1514ACCB0049DD60 /* SBJsonStreamWriterAccumulator.m in Sources */,
				E9F97B1E1514ACCB0049DD60 /* SBJsonStreamWriterState.m in Sources */,
				E9F97B1F1514ACCB0049DD60 /* SBJsonTokeniser.m in Sources */,
				E9F97B201514ACCB0049DD60 /* SBJsonUTF8Stream.m in Sources */,
				E9F97B211514ACCB0049DD60 /* SBJsonWriter.m in Sources */,
			);
			runOnlyForDeploymentPostprocessing = 0;
		};
/* End PBXSourcesBuildPhase section */

/* Begin PBXVariantGroup section */
		E9F97A5B151056060049DD60 /* InfoPlist.strings */ = {
			isa = PBXVariantGroup;
			children = (
				E9F97A5C151056060049DD60 /* en */,
			);
			name = InfoPlist.strings;
			sourceTree = "<group>";
		};
		E9F97A67151056060049DD60 /* demoViewController.xib */ = {
			isa = PBXVariantGroup;
			children = (
				E9F97A68151056060049DD60 /* en */,
			);
			name = demoViewController.xib;
			sourceTree = "<group>";
		};
/* End PBXVariantGroup section */

/* Begin XCBuildConfiguration section */
		E9F97A6A151056060049DD60 /* Debug */ = {
			isa = XCBuildConfiguration;
			buildSettings = {
				ALWAYS_SEARCH_USER_PATHS = NO;
				ARCHS = "$(ARCHS_STANDARD_32_BIT)";
				CLANG_ENABLE_OBJC_ARC = NO;
				"CODE_SIGN_IDENTITY[sdk=iphoneos*]" = "iPhone Developer";
				COPY_PHASE_STRIP = NO;
				GCC_C_LANGUAGE_STANDARD = gnu99;
				GCC_DYNAMIC_NO_PIC = NO;
				GCC_OPTIMIZATION_LEVEL = 0;
				GCC_PREPROCESSOR_DEFINITIONS = (
					"DEBUG=1",
					"$(inherited)",
				);
				GCC_SYMBOLS_PRIVATE_EXTERN = NO;
				GCC_VERSION = com.apple.compilers.llvm.clang.1_0;
				GCC_WARN_ABOUT_MISSING_PROTOTYPES = YES;
				GCC_WARN_ABOUT_RETURN_TYPE = YES;
				GCC_WARN_UNUSED_VARIABLE = YES;
				IPHONEOS_DEPLOYMENT_TARGET = 4.3;
				SDKROOT = iphoneos;
			};
			name = Debug;
		};
		E9F97A6B151056060049DD60 /* Release */ = {
			isa = XCBuildConfiguration;
			buildSettings = {
				ALWAYS_SEARCH_USER_PATHS = NO;
				ARCHS = "$(ARCHS_STANDARD_32_BIT)";
				CLANG_ENABLE_OBJC_ARC = NO;
				"CODE_SIGN_IDENTITY[sdk=iphoneos*]" = "iPhone Developer";
				COPY_PHASE_STRIP = YES;
				GCC_C_LANGUAGE_STANDARD = gnu99;
				GCC_VERSION = com.apple.compilers.llvm.clang.1_0;
				GCC_WARN_ABOUT_MISSING_PROTOTYPES = YES;
				GCC_WARN_ABOUT_RETURN_TYPE = YES;
				GCC_WARN_UNUSED_VARIABLE = YES;
				IPHONEOS_DEPLOYMENT_TARGET = 4.3;
				OTHER_CFLAGS = "-DNS_BLOCK_ASSERTIONS=1";
				SDKROOT = iphoneos;
				VALIDATE_PRODUCT = YES;
			};
			name = Release;
		};
		E9F97A6D151056060049DD60 /* Debug */ = {
			isa = XCBuildConfiguration;
			buildSettings = {
				GCC_PRECOMPILE_PREFIX_HEADER = YES;
				GCC_PREFIX_HEADER = "demo/demo-Prefix.pch";
				INFOPLIST_FILE = "demo/demo-Info.plist";
				PRODUCT_NAME = "$(TARGET_NAME)";
				WRAPPER_EXTENSION = app;
			};
			name = Debug;
		};
		E9F97A6E151056060049DD60 /* Release */ = {
			isa = XCBuildConfiguration;
			buildSettings = {
				GCC_PRECOMPILE_PREFIX_HEADER = YES;
				GCC_PREFIX_HEADER = "demo/demo-Prefix.pch";
				INFOPLIST_FILE = "demo/demo-Info.plist";
				PRODUCT_NAME = "$(TARGET_NAME)";
				WRAPPER_EXTENSION = app;
			};
			name = Release;
		};
/* End XCBuildConfiguration section */

/* Begin XCConfigurationList section */
		E9F97A48151056060049DD60 /* Build configuration list for PBXProject "demo" */ = {
			isa = XCConfigurationList;
			buildConfigurations = (
				E9F97A6A151056060049DD60 /* Debug */,
				E9F97A6B151056060049DD60 /* Release */,
			);
			defaultConfigurationIsVisible = 0;
			defaultConfigurationName = Release;
		};
		E9F97A6C151056060049DD60 /* Build configuration list for PBXNativeTarget "demo" */ = {
			isa = XCConfigurationList;
			buildConfigurations = (
				E9F97A6D151056060049DD60 /* Debug */,
				E9F97A6E151056060049DD60 /* Release */,
			);
			defaultConfigurationIsVisible = 0;
			defaultConfigurationName = Release;
		};
/* End XCConfigurationList section */
	};
	rootObject = E9F97A45151056060049DD60 /* Project object */;
}
